
Microsoft Visual Studio Solution File, Format Version 12.00
# Visual Studio Version 17
VisualStudioVersion = 17.10.35027.167
MinimumVisualStudioVersion = 10.0.40219.1
Project("{9A19103F-16F7-4668-BE54-9A1E7A4F7556}") = "BurgerBaby", "BurgerBaby\BurgerBaby.csproj", "{59195468-EF1A-431B-BA75-EEAA333C11C0}"
EndProject
Project("{9A19103F-16F7-4668-BE54-9A1E7A4F7556}") = "BurgerBabyApi", "BurgerBabyApi\BurgerBabyApi.csproj", "{66DC8599-F618-44EC-9D16-BA96F1950BCB}"
EndProject
Global
	GlobalSection(SolutionConfigurationPlatforms) = preSolution
		Debug|Any CPU = Debug|Any CPU
		Release|Any CPU = Release|Any CPU
	EndGlobalSection
	GlobalSection(ProjectConfigurationPlatforms) = postSolution
		{59195468-EF1A-431B-BA75-EEAA333C11C0}.Debug|Any CPU.ActiveCfg = Debug|Any CPU
		{59195468-EF1A-431B-BA75-EEAA333C11C0}.Debug|Any CPU.Build.0 = Debug|Any CPU
		{59195468-EF1A-431B-BA75-EEAA333C11C0}.Release|Any CPU.ActiveCfg = Release|Any CPU
		{59195468-EF1A-431B-BA75-EEAA333C11C0}.Release|Any CPU.Build.0 = Release|Any CPU
		{66DC8599-F618-44EC-9D16-BA96F1950BCB}.Debug|Any CPU.ActiveCfg = Debug|Any CPU
		{66DC8599-F618-44EC-9D16-BA96F1950BCB}.Debug|Any CPU.Build.0 = Debug|Any CPU
		{66DC8599-F618-44EC-9D16-BA96F1950BCB}.Release|Any CPU.ActiveCfg = Release|Any CPU
		{66DC8599-F618-44EC-9D16-BA96F1950BCB}.Release|Any CPU.Build.0 = Release|Any CPU
	EndGlobalSection
	GlobalSection(SolutionProperties) = preSolution
		HideSolutionNode = FALSE
	EndGlobalSection
	GlobalSection(ExtensibilityGlobals) = postSolution
		SolutionGuid = {D5A37EC2-1E06-4DBA-8F2C-93C0C9C88CE1}
	EndGlobalSection
EndGlobal
